// !$*UTF8*$!
{
	archiveVersion = 1;
	classes = {
	};
	objectVersion = 55;
	objects = {

/* Begin PBXBuildFile section */
		F220041527E2C84A00F11533 /* EditViews.swift in Sources */ = {isa = PBXBuildFile; fileRef = F220041427E2C84A00F11533 /* EditViews.swift */; };
		F24E7F3E2756947300CD0A5F /* RowView.swift in Sources */ = {isa = PBXBuildFile; fileRef = F24E7F3D2756947300CD0A5F /* RowView.swift */; };
		F24E7F402756975200CD0A5F /* AddLivestockView.swift in Sources */ = {isa = PBXBuildFile; fileRef = F24E7F3F2756975200CD0A5F /* AddLivestockView.swift */; };
		F24E7F422756C9F800CD0A5F /* AddFarmView.swift in Sources */ = {isa = PBXBuildFile; fileRef = F24E7F412756C9F700CD0A5F /* AddFarmView.swift */; };
		F24E7F442756CA0700CD0A5F /* AddHerdView.swift in Sources */ = {isa = PBXBuildFile; fileRef = F24E7F432756CA0700CD0A5F /* AddHerdView.swift */; };
		F24F7B2A275971CD00E4B221 /* DataModel.xcdatamodeld in Sources */ = {isa = PBXBuildFile; fileRef = F24F7B28275971CD00E4B221 /* DataModel.xcdatamodeld */; };
		F2FA469D27DFFE1D0014431F /* CoreDataManager.swift in Sources */ = {isa = PBXBuildFile; fileRef = F2FA469C27DFFE1D0014431F /* CoreDataManager.swift */; };
		F2FA46A027E005830014431F /* Extensions.swift in Sources */ = {isa = PBXBuildFile; fileRef = F2FA469F27E005830014431F /* Extensions.swift */; };
		F2FB08C52755656000683A15 /* Cards.swift in Sources */ = {isa = PBXBuildFile; fileRef = F2FB08C42755656000683A15 /* Cards.swift */; };
		F2FB08C827556D2200683A15 /* RanchHandModel.swift in Sources */ = {isa = PBXBuildFile; fileRef = F2FB08C727556D2200683A15 /* RanchHandModel.swift */; };
		F2FB08CA27556D6500683A15 /* RanchManagerModel.swift in Sources */ = {isa = PBXBuildFile; fileRef = F2FB08C927556D6500683A15 /* RanchManagerModel.swift */; };
		F2FB08CC27556DC500683A15 /* LivestockModel.swift in Sources */ = {isa = PBXBuildFile; fileRef = F2FB08CB27556DC500683A15 /* LivestockModel.swift */; };
		F2FB08CE27556DD100683A15 /* FarmModel.swift in Sources */ = {isa = PBXBuildFile; fileRef = F2FB08CD27556DD100683A15 /* FarmModel.swift */; };
		F2FB08D127556E0200683A15 /* HerdModel.swift in Sources */ = {isa = PBXBuildFile; fileRef = F2FB08D027556E0200683A15 /* HerdModel.swift */; };
		F2FB08D32755A54F00683A15 /* TaskModel.swift in Sources */ = {isa = PBXBuildFile; fileRef = F2FB08D22755A54F00683A15 /* TaskModel.swift */; };
		F2FB08D92755AA0200683A15 /* AddView.swift in Sources */ = {isa = PBXBuildFile; fileRef = F2FB08D82755AA0200683A15 /* AddView.swift */; };
		F2FB08DB2755AA8200683A15 /* DetailViews.swift in Sources */ = {isa = PBXBuildFile; fileRef = F2FB08DA2755AA8200683A15 /* DetailViews.swift */; };
		F2FD9DF8271E4BBB00D1F2E4 /* Rancher_ProApp.swift in Sources */ = {isa = PBXBuildFile; fileRef = F2FD9DF7271E4BBB00D1F2E4 /* Rancher_ProApp.swift */; };
		F2FD9DFC271E4BBD00D1F2E4 /* Assets.xcassets in Resources */ = {isa = PBXBuildFile; fileRef = F2FD9DFB271E4BBD00D1F2E4 /* Assets.xcassets */; };
		F2FD9DFF271E4BBD00D1F2E4 /* Preview Assets.xcassets in Resources */ = {isa = PBXBuildFile; fileRef = F2FD9DFE271E4BBD00D1F2E4 /* Preview Assets.xcassets */; };
/* End PBXBuildFile section */

/* Begin PBXFileReference section */
		F220041427E2C84A00F11533 /* EditViews.swift */ = {isa = PBXFileReference; lastKnownFileType = sourcecode.swift; path = EditViews.swift; sourceTree = "<group>"; };
		F24E7F3D2756947300CD0A5F /* RowView.swift */ = {isa = PBXFileReference; lastKnownFileType = sourcecode.swift; path = RowView.swift; sourceTree = "<group>"; };
		F24E7F3F2756975200CD0A5F /* AddLivestockView.swift */ = {isa = PBXFileReference; lastKnownFileType = sourcecode.swift; path = AddLivestockView.swift; sourceTree = "<group>"; };
		F24E7F412756C9F700CD0A5F /* AddFarmView.swift */ = {isa = PBXFileReference; lastKnownFileType = sourcecode.swift; path = AddFarmView.swift; sourceTree = "<group>"; };
		F24E7F432756CA0700CD0A5F /* AddHerdView.swift */ = {isa = PBXFileReference; lastKnownFileType = sourcecode.swift; path = AddHerdView.swift; sourceTree = "<group>"; };
		F24F7B29275971CD00E4B221 /* DataModel.xcdatamodel */ = {isa = PBXFileReference; lastKnownFileType = wrapper.xcdatamodel; path = DataModel.xcdatamodel; sourceTree = "<group>"; };
		F2FA469C27DFFE1D0014431F /* CoreDataManager.swift */ = {isa = PBXFileReference; lastKnownFileType = sourcecode.swift; path = CoreDataManager.swift; sourceTree = "<group>"; };
		F2FA469F27E005830014431F /* Extensions.swift */ = {isa = PBXFileReference; lastKnownFileType = sourcecode.swift; path = Extensions.swift; sourceTree = "<group>"; };
		F2FB08C42755656000683A15 /* Cards.swift */ = {isa = PBXFileReference; lastKnownFileType = sourcecode.swift; path = Cards.swift; sourceTree = "<group>"; };
		F2FB08C727556D2200683A15 /* RanchHandModel.swift */ = {isa = PBXFileReference; lastKnownFileType = sourcecode.swift; path = RanchHandModel.swift; sourceTree = "<group>"; };
		F2FB08C927556D6500683A15 /* RanchManagerModel.swift */ = {isa = PBXFileReference; lastKnownFileType = sourcecode.swift; path = RanchManagerModel.swift; sourceTree = "<group>"; };
		F2FB08CB27556DC500683A15 /* LivestockModel.swift */ = {isa = PBXFileReference; lastKnownFileType = sourcecode.swift; path = LivestockModel.swift; sourceTree = "<group>"; };
		F2FB08CD27556DD100683A15 /* FarmModel.swift */ = {isa = PBXFileReference; lastKnownFileType = sourcecode.swift; path = FarmModel.swift; sourceTree = "<group>"; };
		F2FB08D027556E0200683A15 /* HerdModel.swift */ = {isa = PBXFileReference; lastKnownFileType = sourcecode.swift; path = HerdModel.swift; sourceTree = "<group>"; };
		F2FB08D22755A54F00683A15 /* TaskModel.swift */ = {isa = PBXFileReference; lastKnownFileType = sourcecode.swift; path = TaskModel.swift; sourceTree = "<group>"; };
		F2FB08D82755AA0200683A15 /* AddView.swift */ = {isa = PBXFileReference; lastKnownFileType = sourcecode.swift; path = AddView.swift; sourceTree = "<group>"; };
		F2FB08DA2755AA8200683A15 /* DetailViews.swift */ = {isa = PBXFileReference; lastKnownFileType = sourcecode.swift; path = DetailViews.swift; sourceTree = "<group>"; };
		F2FD9DF4271E4BBB00D1F2E4 /* Rancher Pro.app */ = {isa = PBXFileReference; explicitFileType = wrapper.application; includeInIndex = 0; path = "Rancher Pro.app"; sourceTree = BUILT_PRODUCTS_DIR; };
		F2FD9DF7271E4BBB00D1F2E4 /* Rancher_ProApp.swift */ = {isa = PBXFileReference; lastKnownFileType = sourcecode.swift; path = Rancher_ProApp.swift; sourceTree = "<group>"; };
		F2FD9DFB271E4BBD00D1F2E4 /* Assets.xcassets */ = {isa = PBXFileReference; lastKnownFileType = folder.assetcatalog; path = Assets.xcassets; sourceTree = "<group>"; };
		F2FD9DFE271E4BBD00D1F2E4 /* Preview Assets.xcassets */ = {isa = PBXFileReference; lastKnownFileType = folder.assetcatalog; path = "Preview Assets.xcassets"; sourceTree = "<group>"; };
/* End PBXFileReference section */

/* Begin PBXFrameworksBuildPhase section */
		F2FD9DF1271E4BBB00D1F2E4 /* Frameworks */ = {
			isa = PBXFrameworksBuildPhase;
			buildActionMask = 2147483647;
			files = (
			);
			runOnlyForDeploymentPostprocessing = 0;
		};
/* End PBXFrameworksBuildPhase section */

/* Begin PBXGroup section */
		F24E7F492756CA5800CD0A5F /* Add Views */ = {
			isa = PBXGroup;
			children = (
				F24E7F412756C9F700CD0A5F /* AddFarmView.swift */,
				F24E7F432756CA0700CD0A5F /* AddHerdView.swift */,
				F24E7F3F2756975200CD0A5F /* AddLivestockView.swift */,
			);
			path = "Add Views";
			sourceTree = "<group>";
		};
		F24E7F4A2756CAAB00CD0A5F /* Sub Views */ = {
			isa = PBXGroup;
			children = (
				F24E7F3D2756947300CD0A5F /* RowView.swift */,
				F2FB08C42755656000683A15 /* Cards.swift */,
			);
			path = "Sub Views";
			sourceTree = "<group>";
		};
		F24E7F4D2756CB1600CD0A5F /* Main Views */ = {
			isa = PBXGroup;
			children = (
				F2FB08DA2755AA8200683A15 /* DetailViews.swift */,
				F2FB08D82755AA0200683A15 /* AddView.swift */,
				F2FD9DF7271E4BBB00D1F2E4 /* Rancher_ProApp.swift */,
				F220041427E2C84A00F11533 /* EditViews.swift */,
			);
			path = "Main Views";
			sourceTree = "<group>";
		};
		F2FA469B27DFFE0A0014431F /* CoreData */ = {
			isa = PBXGroup;
			children = (
				F2FA469C27DFFE1D0014431F /* CoreDataManager.swift */,
				F24F7B28275971CD00E4B221 /* DataModel.xcdatamodeld */,
			);
			path = CoreData;
			sourceTree = "<group>";
		};
		F2FA469E27E0055D0014431F /* Extensions */ = {
			isa = PBXGroup;
			children = (
				F2FA469F27E005830014431F /* Extensions.swift */,
			);
			path = Extensions;
			sourceTree = "<group>";
		};
		F2FB08C627556D0B00683A15 /* Models */ = {
			isa = PBXGroup;
			children = (
				F2FA469E27E0055D0014431F /* Extensions */,
				F2FB08C727556D2200683A15 /* RanchHandModel.swift */,
				F2FB08C927556D6500683A15 /* RanchManagerModel.swift */,
				F2FB08CB27556DC500683A15 /* LivestockModel.swift */,
				F2FB08CD27556DD100683A15 /* FarmModel.swift */,
				F2FB08D027556E0200683A15 /* HerdModel.swift */,
				F2FB08D22755A54F00683A15 /* TaskModel.swift */,
			);
			path = Models;
			sourceTree = "<group>";
		};
		F2FD9DEB271E4BBB00D1F2E4 = {
			isa = PBXGroup;
			children = (
				F2FD9DF6271E4BBB00D1F2E4 /* Rancher Pro */,
				F2FD9DF5271E4BBB00D1F2E4 /* Products */,
			);
			sourceTree = "<group>";
		};
		F2FD9DF5271E4BBB00D1F2E4 /* Products */ = {
			isa = PBXGroup;
			children = (
				F2FD9DF4271E4BBB00D1F2E4 /* Rancher Pro.app */,
			);
			name = Products;
			sourceTree = "<group>";
		};
		F2FD9DF6271E4BBB00D1F2E4 /* Rancher Pro */ = {
			isa = PBXGroup;
			children = (
				F2FA469B27DFFE0A0014431F /* CoreData */,
				F24E7F4D2756CB1600CD0A5F /* Main Views */,
				F24E7F492756CA5800CD0A5F /* Add Views */,
				F24E7F4A2756CAAB00CD0A5F /* Sub Views */,
				F2FB08C627556D0B00683A15 /* Models */,
				F2FD9DFD271E4BBD00D1F2E4 /* Preview Content */,
				F2FD9DFB271E4BBD00D1F2E4 /* Assets.xcassets */,
			);
			path = "Rancher Pro";
			sourceTree = "<group>";
		};
		F2FD9DFD271E4BBD00D1F2E4 /* Preview Content */ = {
			isa = PBXGroup;
			children = (
				F2FD9DFE271E4BBD00D1F2E4 /* Preview Assets.xcassets */,
			);
			path = "Preview Content";
			sourceTree = "<group>";
		};
/* End PBXGroup section */

/* Begin PBXNativeTarget section */
		F2FD9DF3271E4BBB00D1F2E4 /* Rancher Pro */ = {
			isa = PBXNativeTarget;
			buildConfigurationList = F2FD9E02271E4BBD00D1F2E4 /* Build configuration list for PBXNativeTarget "Rancher Pro" */;
			buildPhases = (
				F2FD9DF0271E4BBB00D1F2E4 /* Sources */,
				F2FD9DF1271E4BBB00D1F2E4 /* Frameworks */,
				F2FD9DF2271E4BBB00D1F2E4 /* Resources */,
			);
			buildRules = (
			);
			dependencies = (
			);
			name = "Rancher Pro";
			productName = "Rancher Pro";
			productReference = F2FD9DF4271E4BBB00D1F2E4 /* Rancher Pro.app */;
			productType = "com.apple.product-type.application";
		};
/* End PBXNativeTarget section */

/* Begin PBXProject section */
		F2FD9DEC271E4BBB00D1F2E4 /* Project object */ = {
			isa = PBXProject;
			attributes = {
				BuildIndependentTargetsInParallel = 1;
				LastSwiftUpdateCheck = 1300;
				LastUpgradeCheck = 1300;
				TargetAttributes = {
					F2FD9DF3271E4BBB00D1F2E4 = {
						CreatedOnToolsVersion = 13.0;
					};
				};
			};
			buildConfigurationList = F2FD9DEF271E4BBB00D1F2E4 /* Build configuration list for PBXProject "Rancher Pro" */;
			compatibilityVersion = "Xcode 13.0";
			developmentRegion = en;
			hasScannedForEncodings = 0;
			knownRegions = (
				en,
				Base,
			);
			mainGroup = F2FD9DEB271E4BBB00D1F2E4;
			productRefGroup = F2FD9DF5271E4BBB00D1F2E4 /* Products */;
			projectDirPath = "";
			projectRoot = "";
			targets = (
				F2FD9DF3271E4BBB00D1F2E4 /* Rancher Pro */,
			);
		};
/* End PBXProject section */

/* Begin PBXResourcesBuildPhase section */
		F2FD9DF2271E4BBB00D1F2E4 /* Resources */ = {
			isa = PBXResourcesBuildPhase;
			buildActionMask = 2147483647;
			files = (
				F2FD9DFF271E4BBD00D1F2E4 /* Preview Assets.xcassets in Resources */,
				F2FD9DFC271E4BBD00D1F2E4 /* Assets.xcassets in Resources */,
			);
			runOnlyForDeploymentPostprocessing = 0;
		};
/* End PBXResourcesBuildPhase section */

/* Begin PBXSourcesBuildPhase section */
		F2FD9DF0271E4BBB00D1F2E4 /* Sources */ = {
			isa = PBXSourcesBuildPhase;
			buildActionMask = 2147483647;
			files = (
				F2FB08D92755AA0200683A15 /* AddView.swift in Sources */,
				F24F7B2A275971CD00E4B221 /* DataModel.xcdatamodeld in Sources */,
				F24E7F3E2756947300CD0A5F /* RowView.swift in Sources */,
				F2FB08CA27556D6500683A15 /* RanchManagerModel.swift in Sources */,
				F2FB08CE27556DD100683A15 /* FarmModel.swift in Sources */,
				F2FB08DB2755AA8200683A15 /* DetailViews.swift in Sources */,
				F2FB08D32755A54F00683A15 /* TaskModel.swift in Sources */,
				F24E7F442756CA0700CD0A5F /* AddHerdView.swift in Sources */,
				F2FA46A027E005830014431F /* Extensions.swift in Sources */,
				F2FA469D27DFFE1D0014431F /* CoreDataManager.swift in Sources */,
				F24E7F402756975200CD0A5F /* AddLivestockView.swift in Sources */,
				F2FB08CC27556DC500683A15 /* LivestockModel.swift in Sources */,
				F220041527E2C84A00F11533 /* EditViews.swift in Sources */,
				F2FB08C827556D2200683A15 /* RanchHandModel.swift in Sources */,
				F2FD9DF8271E4BBB00D1F2E4 /* Rancher_ProApp.swift in Sources */,
				F24E7F422756C9F800CD0A5F /* AddFarmView.swift in Sources */,
				F2FB08D127556E0200683A15 /* HerdModel.swift in Sources */,
				F2FB08C52755656000683A15 /* Cards.swift in Sources */,
			);
			runOnlyForDeploymentPostprocessing = 0;
		};
/* End PBXSourcesBuildPhase section */

/* Begin XCBuildConfiguration section */
		F2FD9E00271E4BBD00D1F2E4 /* Debug */ = {
			isa = XCBuildConfiguration;
			buildSettings = {
				ALWAYS_SEARCH_USER_PATHS = NO;
				CLANG_ANALYZER_NONNULL = YES;
				CLANG_ANALYZER_NUMBER_OBJECT_CONVERSION = YES_AGGRESSIVE;
				CLANG_CXX_LANGUAGE_STANDARD = "gnu++17";
				CLANG_CXX_LIBRARY = "libc++";
				CLANG_ENABLE_MODULES = YES;
				CLANG_ENABLE_OBJC_ARC = YES;
				CLANG_ENABLE_OBJC_WEAK = YES;
				CLANG_WARN_BLOCK_CAPTURE_AUTORELEASING = YES;
				CLANG_WARN_BOOL_CONVERSION = YES;
				CLANG_WARN_COMMA = YES;
				CLANG_WARN_CONSTANT_CONVERSION = YES;
				CLANG_WARN_DEPRECATED_OBJC_IMPLEMENTATIONS = YES;
				CLANG_WARN_DIRECT_OBJC_ISA_USAGE = YES_ERROR;
				CLANG_WARN_DOCUMENTATION_COMMENTS = YES;
				CLANG_WARN_EMPTY_BODY = YES;
				CLANG_WARN_ENUM_CONVERSION = YES;
				CLANG_WARN_INFINITE_RECURSION = YES;
				CLANG_WARN_INT_CONVERSION = YES;
				CLANG_WARN_NON_LITERAL_NULL_CONVERSION = YES;
				CLANG_WARN_OBJC_IMPLICIT_RETAIN_SELF = YES;
				CLANG_WARN_OBJC_LITERAL_CONVERSION = YES;
				CLANG_WARN_OBJC_ROOT_CLASS = YES_ERROR;
				CLANG_WARN_QUOTED_INCLUDE_IN_FRAMEWORK_HEADER = YES;
				CLANG_WARN_RANGE_LOOP_ANALYSIS = YES;
				CLANG_WARN_STRICT_PROTOTYPES = YES;
				CLANG_WARN_SUSPICIOUS_MOVE = YES;
				CLANG_WARN_UNGUARDED_AVAILABILITY = YES_AGGRESSIVE;
				CLANG_WARN_UNREACHABLE_CODE = YES;
				CLANG_WARN__DUPLICATE_METHOD_MATCH = YES;
				COPY_PHASE_STRIP = NO;
				DEBUG_INFORMATION_FORMAT = dwarf;
				ENABLE_STRICT_OBJC_MSGSEND = YES;
				ENABLE_TESTABILITY = YES;
				GCC_C_LANGUAGE_STANDARD = gnu11;
				GCC_DYNAMIC_NO_PIC = NO;
				GCC_NO_COMMON_BLOCKS = YES;
				GCC_OPTIMIZATION_LEVEL = 0;
				GCC_PREPROCESSOR_DEFINITIONS = (
					"DEBUG=1",
					"$(inherited)",
				);
				GCC_WARN_64_TO_32_BIT_CONVERSION = YES;
				GCC_WARN_ABOUT_RETURN_TYPE = YES_ERROR;
				GCC_WARN_UNDECLARED_SELECTOR = YES;
				GCC_WARN_UNINITIALIZED_AUTOS = YES_AGGRESSIVE;
				GCC_WARN_UNUSED_FUNCTION = YES;
				GCC_WARN_UNUSED_VARIABLE = YES;
				IPHONEOS_DEPLOYMENT_TARGET = 15.0;
				MTL_ENABLE_DEBUG_INFO = INCLUDE_SOURCE;
				MTL_FAST_MATH = YES;
				ONLY_ACTIVE_ARCH = YES;
				SDKROOT = iphoneos;
				SWIFT_ACTIVE_COMPILATION_CONDITIONS = DEBUG;
				SWIFT_OPTIMIZATION_LEVEL = "-Onone";
			};
			name = Debug;
		};
		F2FD9E01271E4BBD00D1F2E4 /* Release */ = {
			isa = XCBuildConfiguration;
			buildSettings = {
				ALWAYS_SEARCH_USER_PATHS = NO;
				CLANG_ANALYZER_NONNULL = YES;
				CLANG_ANALYZER_NUMBER_OBJECT_CONVERSION = YES_AGGRESSIVE;
				CLANG_CXX_LANGUAGE_STANDARD = "gnu++17";
				CLANG_CXX_LIBRARY = "libc++";
				CLANG_ENABLE_MODULES = YES;
				CLANG_ENABLE_OBJC_ARC = YES;
				CLANG_ENABLE_OBJC_WEAK = YES;
				CLANG_WARN_BLOCK_CAPTURE_AUTORELEASING = YES;
				CLANG_WARN_BOOL_CONVERSION = YES;
				CLANG_WARN_COMMA = YES;
				CLANG_WARN_CONSTANT_CONVERSION = YES;
				CLANG_WARN_DEPRECATED_OBJC_IMPLEMENTATIONS = YES;
				CLANG_WARN_DIRECT_OBJC_ISA_USAGE = YES_ERROR;
				CLANG_WARN_DOCUMENTATION_COMMENTS = YES;
				CLANG_WARN_EMPTY_BODY = YES;
				CLANG_WARN_ENUM_CONVERSION = YES;
				CLANG_WARN_INFINITE_RECURSION = YES;
				CLANG_WARN_INT_CONVERSION = YES;
				CLANG_WARN_NON_LITERAL_NULL_CONVERSION = YES;
				CLANG_WARN_OBJC_IMPLICIT_RETAIN_SELF = YES;
				CLANG_WARN_OBJC_LITERAL_CONVERSION = YES;
				CLANG_WARN_OBJC_ROOT_CLASS = YES_ERROR;
				CLANG_WARN_QUOTED_INCLUDE_IN_FRAMEWORK_HEADER = YES;
				CLANG_WARN_RANGE_LOOP_ANALYSIS = YES;
				CLANG_WARN_STRICT_PROTOTYPES = YES;
				CLANG_WARN_SUSPICIOUS_MOVE = YES;
				CLANG_WARN_UNGUARDED_AVAILABILITY = YES_AGGRESSIVE;
				CLANG_WARN_UNREACHABLE_CODE = YES;
				CLANG_WARN__DUPLICATE_METHOD_MATCH = YES;
				COPY_PHASE_STRIP = NO;
				DEBUG_INFORMATION_FORMAT = "dwarf-with-dsym";
				ENABLE_NS_ASSERTIONS = NO;
				ENABLE_STRICT_OBJC_MSGSEND = YES;
				GCC_C_LANGUAGE_STANDARD = gnu11;
				GCC_NO_COMMON_BLOCKS = YES;
				GCC_WARN_64_TO_32_BIT_CONVERSION = YES;
				GCC_WARN_ABOUT_RETURN_TYPE = YES_ERROR;
				GCC_WARN_UNDECLARED_SELECTOR = YES;
				GCC_WARN_UNINITIALIZED_AUTOS = YES_AGGRESSIVE;
				GCC_WARN_UNUSED_FUNCTION = YES;
				GCC_WARN_UNUSED_VARIABLE = YES;
				IPHONEOS_DEPLOYMENT_TARGET = 15.0;
				MTL_ENABLE_DEBUG_INFO = NO;
				MTL_FAST_MATH = YES;
				SDKROOT = iphoneos;
				SWIFT_COMPILATION_MODE = wholemodule;
				SWIFT_OPTIMIZATION_LEVEL = "-O";
				VALIDATE_PRODUCT = YES;
			};
			name = Release;
		};
		F2FD9E03271E4BBD00D1F2E4 /* Debug */ = {
			isa = XCBuildConfiguration;
			buildSettings = {
				ASSETCATALOG_COMPILER_APPICON_NAME = AppIcon;
				ASSETCATALOG_COMPILER_GLOBAL_ACCENT_COLOR_NAME = AccentColor;
				CODE_SIGN_STYLE = Automatic;
				CURRENT_PROJECT_VERSION = 1;
				DEVELOPMENT_ASSET_PATHS = "\"Rancher Pro/Preview Content\"";
				DEVELOPMENT_TEAM = GDUSYDN3AG;
				ENABLE_PREVIEWS = YES;
				GENERATE_INFOPLIST_FILE = YES;
				INFOPLIST_KEY_UIApplicationSceneManifest_Generation = YES;
				INFOPLIST_KEY_UIApplicationSupportsIndirectInputEvents = YES;
				INFOPLIST_KEY_UILaunchScreen_Generation = YES;
				INFOPLIST_KEY_UISupportedInterfaceOrientations_iPad = "UIInterfaceOrientationPortrait UIInterfaceOrientationPortraitUpsideDown UIInterfaceOrientationLandscapeLeft UIInterfaceOrientationLandscapeRight";
				INFOPLIST_KEY_UISupportedInterfaceOrientations_iPhone = "UIInterfaceOrientationPortrait UIInterfaceOrientationLandscapeLeft UIInterfaceOrientationLandscapeRight";
				IPHONEOS_DEPLOYMENT_TARGET = 15.0;
				LD_RUNPATH_SEARCH_PATHS = (
					"$(inherited)",
					"@executable_path/Frameworks",
				);
				MARKETING_VERSION = 1.0;
				PRODUCT_BUNDLE_IDENTIFIER = "tech.sawyercherry.Rancher-Pro";
				PRODUCT_NAME = "$(TARGET_NAME)";
				SWIFT_EMIT_LOC_STRINGS = YES;
				SWIFT_VERSION = 5.0;
				TARGETED_DEVICE_FAMILY = "1,2";
			};
			name = Debug;
		};
		F2FD9E04271E4BBD00D1F2E4 /* Release */ = {
			isa = XCBuildConfiguration;
			buildSettings = {
				ASSETCATALOG_COMPILER_APPICON_NAME = AppIcon;
				ASSETCATALOG_COMPILER_GLOBAL_ACCENT_COLOR_NAME = AccentColor;
				CODE_SIGN_STYLE = Automatic;
				CURRENT_PROJECT_VERSION = 1;
				DEVELOPMENT_ASSET_PATHS = "\"Rancher Pro/Preview Content\"";
				DEVELOPMENT_TEAM = GDUSYDN3AG;
				ENABLE_PREVIEWS = YES;
				GENERATE_INFOPLIST_FILE = YES;
				INFOPLIST_KEY_UIApplicationSceneManifest_Generation = YES;
				INFOPLIST_KEY_UIApplicationSupportsIndirectInputEvents = YES;
				INFOPLIST_KEY_UILaunchScreen_Generation = YES;
				INFOPLIST_KEY_UISupportedInterfaceOrientations_iPad = "UIInterfaceOrientationPortrait UIInterfaceOrientationPortraitUpsideDown UIInterfaceOrientationLandscapeLeft UIInterfaceOrientationLandscapeRight";
				INFOPLIST_KEY_UISupportedInterfaceOrientations_iPhone = "UIInterfaceOrientationPortrait UIInterfaceOrientationLandscapeLeft UIInterfaceOrientationLandscapeRight";
				IPHONEOS_DEPLOYMENT_TARGET = 15.0;
				LD_RUNPATH_SEARCH_PATHS = (
					"$(inherited)",
					"@executable_path/Frameworks",
				);
				MARKETING_VERSION = 1.0;
				PRODUCT_BUNDLE_IDENTIFIER = "tech.sawyercherry.Rancher-Pro";
				PRODUCT_NAME = "$(TARGET_NAME)";
				SWIFT_EMIT_LOC_STRINGS = YES;
				SWIFT_VERSION = 5.0;
				TARGETED_DEVICE_FAMILY = "1,2";
			};
			name = Release;
		};
/* End XCBuildConfiguration section */

/* Begin XCConfigurationList section */
		F2FD9DEF271E4BBB00D1F2E4 /* Build configuration list for PBXProject "Rancher Pro" */ = {
			isa = XCConfigurationList;
			buildConfigurations = (
				F2FD9E00271E4BBD00D1F2E4 /* Debug */,
				F2FD9E01271E4BBD00D1F2E4 /* Release */,
			);
			defaultConfigurationIsVisible = 0;
			defaultConfigurationName = Release;
		};
		F2FD9E02271E4BBD00D1F2E4 /* Build configuration list for PBXNativeTarget "Rancher Pro" */ = {
			isa = XCConfigurationList;
			buildConfigurations = (
				F2FD9E03271E4BBD00D1F2E4 /* Debug */,
				F2FD9E04271E4BBD00D1F2E4 /* Release */,
			);
			defaultConfigurationIsVisible = 0;
			defaultConfigurationName = Release;
		};
/* End XCConfigurationList section */

/* Begin XCVersionGroup section */
		F24F7B28275971CD00E4B221 /* DataModel.xcdatamodeld */ = {
			isa = XCVersionGroup;
			children = (
				F24F7B29275971CD00E4B221 /* DataModel.xcdatamodel */,
			);
			currentVersion = F24F7B29275971CD00E4B221 /* DataModel.xcdatamodel */;
			path = DataModel.xcdatamodeld;
			sourceTree = "<group>";
			versionGroupType = wrapper.xcdatamodel;
		};
/* End XCVersionGroup section */
	};
	rootObject = F2FD9DEC271E4BBB00D1F2E4 /* Project object */;
}
